
Microsoft Visual Studio Solution File, Format Version 12.00
# Visual Studio Version 17
VisualStudioVersion = 17.5.33414.496
MinimumVisualStudioVersion = 10.0.40219.1
Project("{FAE04EC0-301F-11D3-BF4B-00C04F79EFBC}") = "Acudir.Challenge.API", "Acudir.Challenge.API\Acudir.Challenge.API.csproj", "{6750063A-A08C-4ECE-BD6E-A9D47BDDACC6}"
EndProject
Project("{2150E333-8FDC-42A3-9474-1A3956D46DE8}") = "01Presentacion", "01Presentacion", "{D9041EEF-DC4E-4E9E-9065-A6E36F5EDCED}"
EndProject
Project("{2150E333-8FDC-42A3-9474-1A3956D46DE8}") = "02Application", "02Application", "{8BCE0589-2C35-46BB-9FEF-1F910D523DC1}"
EndProject
Project("{2150E333-8FDC-42A3-9474-1A3956D46DE8}") = "03Infrastructure", "03Infrastructure", "{ECE2DF4F-4103-456C-A74A-23DF4DEDAC7C}"
EndProject
Project("{2150E333-8FDC-42A3-9474-1A3956D46DE8}") = "04Domain", "04Domain", "{F8967E94-B33F-42C4-877F-13CB0D0FEDCC}"
EndProject
Project("{2150E333-8FDC-42A3-9474-1A3956D46DE8}") = "05Common", "05Common", "{76337506-8233-4B42-8163-32E72826BAC3}"
EndProject
Project("{2150E333-8FDC-42A3-9474-1A3956D46DE8}") = "00Tests", "00Tests", "{281411B4-2239-4E1D-840E-8E27FA42F804}"
EndProject
Project("{FAE04EC0-301F-11D3-BF4B-00C04F79EFBC}") = "Acudir.Challenge.Models", "Acudir.Challenge.Models\Acudir.Challenge.Models.csproj", "{20E08052-8318-4A98-97D6-2C96A876E0BE}"
EndProject
Project("{FAE04EC0-301F-11D3-BF4B-00C04F79EFBC}") = "Acudir.Challenge.DA", "Acudir.Challenge.DA\Acudir.Challenge.DA.csproj", "{C08BB3CA-9AEF-4DF6-A9D3-AFA80AD532BA}"
EndProject
Project("{FAE04EC0-301F-11D3-BF4B-00C04F79EFBC}") = "Acudir.Challenge.Services", "Acudir.Challenge.Services\Acudir.Challenge.Services.csproj", "{3AE6F7FA-E3A9-4060-85A1-C59DF80E5074}"
EndProject
Project("{FAE04EC0-301F-11D3-BF4B-00C04F79EFBC}") = "Acudir.Challenge.Tests", "Acudir.Challenge.Tests\Acudir.Challenge.Tests.csproj", "{177EA67C-488F-4590-9C11-375ECCCB2EE1}"
EndProject
Project("{FAE04EC0-301F-11D3-BF4B-00C04F79EFBC}") = "Acudir.Challenge.DTOs", "Acudir.Challenge.DTOs\Acudir.Challenge.DTOs.csproj", "{137F9593-D08D-405C-86C8-E315B64597C5}"
EndProject
Project("{FAE04EC0-301F-11D3-BF4B-00C04F79EFBC}") = "Acudir.Challenge.Middlewares", "Acudir.Challenge.Middlewares\Acudir.Challenge.Middlewares.csproj", "{6AC19901-F773-4867-8F28-9699CA842FBE}"
EndProject
Project("{FAE04EC0-301F-11D3-BF4B-00C04F79EFBC}") = "Acudir.Challenge.Mapping", "Acudir.Challenge.Mapping\Acudir.Challenge.Mapping.csproj", "{70DF1BDD-8B9A-46E5-AA78-17916FCDB89A}"
EndProject
Project("{FAE04EC0-301F-11D3-BF4B-00C04F79EFBC}") = "Acudir.Challenge.Common", "Acudir.Challenge.Common\Acudir.Challenge.Common.csproj", "{0CC7D25B-41E9-4998-B41B-9317897F548E}"
EndProject
Project("{2150E333-8FDC-42A3-9474-1A3956D46DE8}") = "API", "API", "{33D06DAB-EA7A-41EC-ADF6-E1C3F52B9080}"
EndProject
Global
	GlobalSection(SolutionConfigurationPlatforms) = preSolution
		Debug|Any CPU = Debug|Any CPU
		Release|Any CPU = Release|Any CPU
	EndGlobalSection
	GlobalSection(ProjectConfigurationPlatforms) = postSolution
		{6750063A-A08C-4ECE-BD6E-A9D47BDDACC6}.Debug|Any CPU.ActiveCfg = Debug|Any CPU
		{6750063A-A08C-4ECE-BD6E-A9D47BDDACC6}.Debug|Any CPU.Build.0 = Debug|Any CPU
		{6750063A-A08C-4ECE-BD6E-A9D47BDDACC6}.Release|Any CPU.ActiveCfg = Release|Any CPU
		{6750063A-A08C-4ECE-BD6E-A9D47BDDACC6}.Release|Any CPU.Build.0 = Release|Any CPU
		{20E08052-8318-4A98-97D6-2C96A876E0BE}.Debug|Any CPU.ActiveCfg = Debug|Any CPU
		{20E08052-8318-4A98-97D6-2C96A876E0BE}.Debug|Any CPU.Build.0 = Debug|Any CPU
		{20E08052-8318-4A98-97D6-2C96A876E0BE}.Release|Any CPU.ActiveCfg = Release|Any CPU
		{20E08052-8318-4A98-97D6-2C96A876E0BE}.Release|Any CPU.Build.0 = Release|Any CPU
		{C08BB3CA-9AEF-4DF6-A9D3-AFA80AD532BA}.Debug|Any CPU.ActiveCfg = Debug|Any CPU
		{C08BB3CA-9AEF-4DF6-A9D3-AFA80AD532BA}.Debug|Any CPU.Build.0 = Debug|Any CPU
		{C08BB3CA-9AEF-4DF6-A9D3-AFA80AD532BA}.Release|Any CPU.ActiveCfg = Release|Any CPU
		{C08BB3CA-9AEF-4DF6-A9D3-AFA80AD532BA}.Release|Any CPU.Build.0 = Release|Any CPU
		{3AE6F7FA-E3A9-4060-85A1-C59DF80E5074}.Debug|Any CPU.ActiveCfg = Debug|Any CPU
		{3AE6F7FA-E3A9-4060-85A1-C59DF80E5074}.Debug|Any CPU.Build.0 = Debug|Any CPU
		{3AE6F7FA-E3A9-4060-85A1-C59DF80E5074}.Release|Any CPU.ActiveCfg = Release|Any CPU
		{3AE6F7FA-E3A9-4060-85A1-C59DF80E5074}.Release|Any CPU.Build.0 = Release|Any CPU
		{177EA67C-488F-4590-9C11-375ECCCB2EE1}.Debug|Any CPU.ActiveCfg = Debug|Any CPU
		{177EA67C-488F-4590-9C11-375ECCCB2EE1}.Debug|Any CPU.Build.0 = Debug|Any CPU
		{177EA67C-488F-4590-9C11-375ECCCB2EE1}.Release|Any CPU.ActiveCfg = Release|Any CPU
		{177EA67C-488F-4590-9C11-375ECCCB2EE1}.Release|Any CPU.Build.0 = Release|Any CPU
		{137F9593-D08D-405C-86C8-E315B64597C5}.Debug|Any CPU.ActiveCfg = Debug|Any CPU
		{137F9593-D08D-405C-86C8-E315B64597C5}.Debug|Any CPU.Build.0 = Debug|Any CPU
		{137F9593-D08D-405C-86C8-E315B64597C5}.Release|Any CPU.ActiveCfg = Release|Any CPU
		{137F9593-D08D-405C-86C8-E315B64597C5}.Release|Any CPU.Build.0 = Release|Any CPU
		{6AC19901-F773-4867-8F28-9699CA842FBE}.Debug|Any CPU.ActiveCfg = Debug|Any CPU
		{6AC19901-F773-4867-8F28-9699CA842FBE}.Debug|Any CPU.Build.0 = Debug|Any CPU
		{6AC19901-F773-4867-8F28-9699CA842FBE}.Release|Any CPU.ActiveCfg = Release|Any CPU
		{6AC19901-F773-4867-8F28-9699CA842FBE}.Release|Any CPU.Build.0 = Release|Any CPU
		{70DF1BDD-8B9A-46E5-AA78-17916FCDB89A}.Debug|Any CPU.ActiveCfg = Debug|Any CPU
		{70DF1BDD-8B9A-46E5-AA78-17916FCDB89A}.Debug|Any CPU.Build.0 = Debug|Any CPU
		{70DF1BDD-8B9A-46E5-AA78-17916FCDB89A}.Release|Any CPU.ActiveCfg = Release|Any CPU
		{70DF1BDD-8B9A-46E5-AA78-17916FCDB89A}.Release|Any CPU.Build.0 = Release|Any CPU
		{0CC7D25B-41E9-4998-B41B-9317897F548E}.Debug|Any CPU.ActiveCfg = Debug|Any CPU
		{0CC7D25B-41E9-4998-B41B-9317897F548E}.Debug|Any CPU.Build.0 = Debug|Any CPU
		{0CC7D25B-41E9-4998-B41B-9317897F548E}.Release|Any CPU.ActiveCfg = Release|Any CPU
		{0CC7D25B-41E9-4998-B41B-9317897F548E}.Release|Any CPU.Build.0 = Release|Any CPU
	EndGlobalSection
	GlobalSection(SolutionProperties) = preSolution
		HideSolutionNode = FALSE
	EndGlobalSection
	GlobalSection(NestedProjects) = preSolution
		{6750063A-A08C-4ECE-BD6E-A9D47BDDACC6} = {D9041EEF-DC4E-4E9E-9065-A6E36F5EDCED}
		{D9041EEF-DC4E-4E9E-9065-A6E36F5EDCED} = {33D06DAB-EA7A-41EC-ADF6-E1C3F52B9080}
		{8BCE0589-2C35-46BB-9FEF-1F910D523DC1} = {33D06DAB-EA7A-41EC-ADF6-E1C3F52B9080}
		{ECE2DF4F-4103-456C-A74A-23DF4DEDAC7C} = {33D06DAB-EA7A-41EC-ADF6-E1C3F52B9080}
		{F8967E94-B33F-42C4-877F-13CB0D0FEDCC} = {33D06DAB-EA7A-41EC-ADF6-E1C3F52B9080}
		{76337506-8233-4B42-8163-32E72826BAC3} = {33D06DAB-EA7A-41EC-ADF6-E1C3F52B9080}
		{281411B4-2239-4E1D-840E-8E27FA42F804} = {33D06DAB-EA7A-41EC-ADF6-E1C3F52B9080}
		{20E08052-8318-4A98-97D6-2C96A876E0BE} = {F8967E94-B33F-42C4-877F-13CB0D0FEDCC}
		{C08BB3CA-9AEF-4DF6-A9D3-AFA80AD532BA} = {ECE2DF4F-4103-456C-A74A-23DF4DEDAC7C}
		{3AE6F7FA-E3A9-4060-85A1-C59DF80E5074} = {8BCE0589-2C35-46BB-9FEF-1F910D523DC1}
		{177EA67C-488F-4590-9C11-375ECCCB2EE1} = {281411B4-2239-4E1D-840E-8E27FA42F804}
		{137F9593-D08D-405C-86C8-E315B64597C5} = {8BCE0589-2C35-46BB-9FEF-1F910D523DC1}
		{6AC19901-F773-4867-8F28-9699CA842FBE} = {8BCE0589-2C35-46BB-9FEF-1F910D523DC1}
		{70DF1BDD-8B9A-46E5-AA78-17916FCDB89A} = {8BCE0589-2C35-46BB-9FEF-1F910D523DC1}
		{0CC7D25B-41E9-4998-B41B-9317897F548E} = {76337506-8233-4B42-8163-32E72826BAC3}
	EndGlobalSection
	GlobalSection(ExtensibilityGlobals) = postSolution
		SolutionGuid = {1670B781-8997-4E17-AF24-AB20CB5F5F12}
	EndGlobalSection
EndGlobal
